{
    "name": "@paperbits/slate",
    "version": "0.0.52",
    "lockfileVersion": 1,
    "requires": true,
    "dependencies": {
        "is-hotkey": {
            "version": "0.1.1",
            "resolved": "https://registry.npmjs.org/is-hotkey/-/is-hotkey-0.1.1.tgz",
            "integrity": "sha512-ebDPnsc4Lw9O7GpnJkpNIuEJVjsFg1X60+5omHfFg9y1S4r6qwddENg0vHqtmWxsu/D8DGbAb5jjLzRZs0NMbA=="
        },
        "slate-edit-list": {
            "version": "0.11.2",
            "resolved": "https://registry.npmjs.org/slate-edit-list/-/slate-edit-list-0.11.2.tgz",
            "integrity": "sha1-xnuWHZhDX593R9ILhwy8UdJa96g="
        }
    }
}
